
Microsoft Visual Studio Solution File, Format Version 12.00
# Visual Studio Version 16
VisualStudioVersion = 16.0.30804.86
MinimumVisualStudioVersion = 10.0.40219.1
Project("{FAE04EC0-301F-11D3-BF4B-00C04F79EFBC}") = "DataAccess", "DataAccess\DataAccess.csproj", "{2480245C-CA03-4310-950E-4359CB16CA1A}"
EndProject
Project("{FAE04EC0-301F-11D3-BF4B-00C04F79EFBC}") = "Business", "Business\Business.csproj", "{7878B147-31A0-419F-8D80-7825857FAD88}"
EndProject
Project("{FAE04EC0-301F-11D3-BF4B-00C04F79EFBC}") = "Entities", "Entities\Entities.csproj", "{FB9070D1-3249-48A4-B998-EAC9AF8C1B6E}"
EndProject
Project("{FAE04EC0-301F-11D3-BF4B-00C04F79EFBC}") = "ConsoleUI", "ConsoleUI\ConsoleUI.csproj", "{B1488634-572C-4141-8FBF-F4CC9A835546}"
EndProject
Global
	GlobalSection(SolutionConfigurationPlatforms) = preSolution
		Debug|Any CPU = Debug|Any CPU
		Release|Any CPU = Release|Any CPU
	EndGlobalSection
	GlobalSection(ProjectConfigurationPlatforms) = postSolution
		{2480245C-CA03-4310-950E-4359CB16CA1A}.Debug|Any CPU.ActiveCfg = Debug|Any CPU
		{2480245C-CA03-4310-950E-4359CB16CA1A}.Debug|Any CPU.Build.0 = Debug|Any CPU
		{2480245C-CA03-4310-950E-4359CB16CA1A}.Release|Any CPU.ActiveCfg = Release|Any CPU
		{2480245C-CA03-4310-950E-4359CB16CA1A}.Release|Any CPU.Build.0 = Release|Any CPU
		{7878B147-31A0-419F-8D80-7825857FAD88}.Debug|Any CPU.ActiveCfg = Debug|Any CPU
		{7878B147-31A0-419F-8D80-7825857FAD88}.Debug|Any CPU.Build.0 = Debug|Any CPU
		{7878B147-31A0-419F-8D80-7825857FAD88}.Release|Any CPU.ActiveCfg = Release|Any CPU
		{7878B147-31A0-419F-8D80-7825857FAD88}.Release|Any CPU.Build.0 = Release|Any CPU
		{FB9070D1-3249-48A4-B998-EAC9AF8C1B6E}.Debug|Any CPU.ActiveCfg = Debug|Any CPU
		{FB9070D1-3249-48A4-B998-EAC9AF8C1B6E}.Debug|Any CPU.Build.0 = Debug|Any CPU
		{FB9070D1-3249-48A4-B998-EAC9AF8C1B6E}.Release|Any CPU.ActiveCfg = Release|Any CPU
		{FB9070D1-3249-48A4-B998-EAC9AF8C1B6E}.Release|Any CPU.Build.0 = Release|Any CPU
		{B1488634-572C-4141-8FBF-F4CC9A835546}.Debug|Any CPU.ActiveCfg = Debug|Any CPU
		{B1488634-572C-4141-8FBF-F4CC9A835546}.Debug|Any CPU.Build.0 = Debug|Any CPU
		{B1488634-572C-4141-8FBF-F4CC9A835546}.Release|Any CPU.ActiveCfg = Release|Any CPU
		{B1488634-572C-4141-8FBF-F4CC9A835546}.Release|Any CPU.Build.0 = Release|Any CPU
	EndGlobalSection
	GlobalSection(SolutionProperties) = preSolution
		HideSolutionNode = FALSE
	EndGlobalSection
	GlobalSection(ExtensibilityGlobals) = postSolution
		SolutionGuid = {2FEFA36B-244D-4E70-BFD7-44548DD9A9EC}
	EndGlobalSection
EndGlobal
